
Microsoft Visual Studio Solution File, Format Version 12.00
# Visual Studio Version 16
VisualStudioVersion = 16.0.31624.102
MinimumVisualStudioVersion = 10.0.40219.1
Project("{9A19103F-16F7-4668-BE54-9A1E7A4F7556}") = "SeaBattle", "SeaBattle\SeaBattle.csproj", "{C44E9CF1-DC45-48E7-B44F-9623BC649C37}"
EndProject
Project("{FAE04EC0-301F-11D3-BF4B-00C04F79EFBC}") = "SeaBattle.Domain", "SeaBattle.Domain\SeaBattle.Domain.csproj", "{27A16CDD-4002-4EC6-BAC0-CC90378FFDB7}"
EndProject
Project("{FAE04EC0-301F-11D3-BF4B-00C04F79EFBC}") = "SeaBattle.Infrastructure", "SeaBattle.Infrastructure\SeaBattle.Infrastructure.csproj", "{E5F721F7-F262-4B40-9731-7269A7600938}"
EndProject
Project("{FAE04EC0-301F-11D3-BF4B-00C04F79EFBC}") = "SeaBattle.Application", "SeaBattle.Application\SeaBattle.Application.csproj", "{12537A26-E3DF-4214-87DA-072B4DF79D4E}"
EndProject
Project("{FAE04EC0-301F-11D3-BF4B-00C04F79EFBC}") = "SeaBattle.UI", "SeaBattle.UI\SeaBattle.UI.csproj", "{77D76E5F-E071-4704-8883-3D921FBF6B86}"
EndProject
Global
	GlobalSection(SolutionConfigurationPlatforms) = preSolution
		Debug|Any CPU = Debug|Any CPU
		Release|Any CPU = Release|Any CPU
	EndGlobalSection
	GlobalSection(ProjectConfigurationPlatforms) = postSolution
		{C44E9CF1-DC45-48E7-B44F-9623BC649C37}.Debug|Any CPU.ActiveCfg = Debug|Any CPU
		{C44E9CF1-DC45-48E7-B44F-9623BC649C37}.Debug|Any CPU.Build.0 = Debug|Any CPU
		{C44E9CF1-DC45-48E7-B44F-9623BC649C37}.Release|Any CPU.ActiveCfg = Release|Any CPU
		{C44E9CF1-DC45-48E7-B44F-9623BC649C37}.Release|Any CPU.Build.0 = Release|Any CPU
		{27A16CDD-4002-4EC6-BAC0-CC90378FFDB7}.Debug|Any CPU.ActiveCfg = Debug|Any CPU
		{27A16CDD-4002-4EC6-BAC0-CC90378FFDB7}.Debug|Any CPU.Build.0 = Debug|Any CPU
		{27A16CDD-4002-4EC6-BAC0-CC90378FFDB7}.Release|Any CPU.ActiveCfg = Release|Any CPU
		{27A16CDD-4002-4EC6-BAC0-CC90378FFDB7}.Release|Any CPU.Build.0 = Release|Any CPU
		{E5F721F7-F262-4B40-9731-7269A7600938}.Debug|Any CPU.ActiveCfg = Debug|Any CPU
		{E5F721F7-F262-4B40-9731-7269A7600938}.Debug|Any CPU.Build.0 = Debug|Any CPU
		{E5F721F7-F262-4B40-9731-7269A7600938}.Release|Any CPU.ActiveCfg = Release|Any CPU
		{E5F721F7-F262-4B40-9731-7269A7600938}.Release|Any CPU.Build.0 = Release|Any CPU
		{12537A26-E3DF-4214-87DA-072B4DF79D4E}.Debug|Any CPU.ActiveCfg = Debug|Any CPU
		{12537A26-E3DF-4214-87DA-072B4DF79D4E}.Debug|Any CPU.Build.0 = Debug|Any CPU
		{12537A26-E3DF-4214-87DA-072B4DF79D4E}.Release|Any CPU.ActiveCfg = Release|Any CPU
		{12537A26-E3DF-4214-87DA-072B4DF79D4E}.Release|Any CPU.Build.0 = Release|Any CPU
		{77D76E5F-E071-4704-8883-3D921FBF6B86}.Debug|Any CPU.ActiveCfg = Debug|Any CPU
		{77D76E5F-E071-4704-8883-3D921FBF6B86}.Debug|Any CPU.Build.0 = Debug|Any CPU
		{77D76E5F-E071-4704-8883-3D921FBF6B86}.Release|Any CPU.ActiveCfg = Release|Any CPU
		{77D76E5F-E071-4704-8883-3D921FBF6B86}.Release|Any CPU.Build.0 = Release|Any CPU
	EndGlobalSection
	GlobalSection(SolutionProperties) = preSolution
		HideSolutionNode = FALSE
	EndGlobalSection
	GlobalSection(ExtensibilityGlobals) = postSolution
		SolutionGuid = {8E1C233F-AF5F-4D29-BB87-FF657FAD42AB}
	EndGlobalSection
EndGlobal
